# This file is autogenerated by pip-compile with Python 3.11
# by the following command:
#
#    pip-compile --output-file=requirements.lock pyproject.toml
#
# To update this file, run:
#
#    pip-compile --upgrade --output-file=requirements.lock pyproject.toml
#
click==8.1.7
    # via brownkit (pyproject.toml)
